// !$*UTF8*$!
{
	archiveVersion = 1;
	classes = {
	};
	objectVersion = 46;
	objects = {

/* Begin PBXBuildFile section */
		8341C2691DAD5295007D8549 /* PhotoAlbumViewController.swift in Sources */ = {isa = PBXBuildFile; fileRef = 8341C2681DAD5295007D8549 /* PhotoAlbumViewController.swift */; };
		8341C26B1DAD5449007D8549 /* PhotoCollectionViewCell.swift in Sources */ = {isa = PBXBuildFile; fileRef = 8341C26A1DAD5449007D8549 /* PhotoCollectionViewCell.swift */; };
		8341C26F1DAD5613007D8549 /* AppConstants.swift in Sources */ = {isa = PBXBuildFile; fileRef = 8341C26E1DAD5613007D8549 /* AppConstants.swift */; };
		8341C27B1DAD59FF007D8549 /* PinAnnotation.swift in Sources */ = {isa = PBXBuildFile; fileRef = 8341C27A1DAD59FF007D8549 /* PinAnnotation.swift */; };
		8341C27E1DAD5AC6007D8549 /* CoreDataStack.swift in Sources */ = {isa = PBXBuildFile; fileRef = 8341C27D1DAD5AC6007D8549 /* CoreDataStack.swift */; };
		8341C2801DAD69E1007D8549 /* APISession.swift in Sources */ = {isa = PBXBuildFile; fileRef = 8341C27F1DAD69E1007D8549 /* APISession.swift */; };
		835347BE1DAD3DEC005D8BE9 /* AppDelegate.swift in Sources */ = {isa = PBXBuildFile; fileRef = 835347BD1DAD3DEC005D8BE9 /* AppDelegate.swift */; };
		835347C01DAD3DEC005D8BE9 /* MapViewController.swift in Sources */ = {isa = PBXBuildFile; fileRef = 835347BF1DAD3DEC005D8BE9 /* MapViewController.swift */; };
		835347C31DAD3DEC005D8BE9 /* Main.storyboard in Resources */ = {isa = PBXBuildFile; fileRef = 835347C11DAD3DEC005D8BE9 /* Main.storyboard */; };
		835347C61DAD3DEC005D8BE9 /* Virtual_Tourist.xcdatamodeld in Sources */ = {isa = PBXBuildFile; fileRef = 835347C41DAD3DEC005D8BE9 /* Virtual_Tourist.xcdatamodeld */; };
		835347C81DAD3DEC005D8BE9 /* Assets.xcassets in Resources */ = {isa = PBXBuildFile; fileRef = 835347C71DAD3DEC005D8BE9 /* Assets.xcassets */; };
		835347CB1DAD3DEC005D8BE9 /* LaunchScreen.storyboard in Resources */ = {isa = PBXBuildFile; fileRef = 835347C91DAD3DEC005D8BE9 /* LaunchScreen.storyboard */; };
		83702F791DAE9D7400014D97 /* Pin+CoreDataClass.swift in Sources */ = {isa = PBXBuildFile; fileRef = 83702F751DAE9D7400014D97 /* Pin+CoreDataClass.swift */; };
		83702F7A1DAE9D7400014D97 /* Pin+CoreDataProperties.swift in Sources */ = {isa = PBXBuildFile; fileRef = 83702F761DAE9D7400014D97 /* Pin+CoreDataProperties.swift */; };
		83702F7B1DAE9D7400014D97 /* Photo+CoreDataClass.swift in Sources */ = {isa = PBXBuildFile; fileRef = 83702F771DAE9D7400014D97 /* Photo+CoreDataClass.swift */; };
		83702F7C1DAE9D7400014D97 /* Photo+CoreDataProperties.swift in Sources */ = {isa = PBXBuildFile; fileRef = 83702F781DAE9D7400014D97 /* Photo+CoreDataProperties.swift */; };
		83702F7E1DAE9ED700014D97 /* FlickrClient.swift in Sources */ = {isa = PBXBuildFile; fileRef = 83702F7D1DAE9ED700014D97 /* FlickrClient.swift */; };
		83702F801DAE9EE700014D97 /* FlickrConstants.swift in Sources */ = {isa = PBXBuildFile; fileRef = 83702F7F1DAE9EE700014D97 /* FlickrConstants.swift */; };
		83702F821DAEA41E00014D97 /* APISessionConstants.swift in Sources */ = {isa = PBXBuildFile; fileRef = 83702F811DAEA41E00014D97 /* APISessionConstants.swift */; };
/* End PBXBuildFile section */

/* Begin PBXFileReference section */
		8341C2681DAD5295007D8549 /* PhotoAlbumViewController.swift */ = {isa = PBXFileReference; fileEncoding = 4; lastKnownFileType = sourcecode.swift; path = PhotoAlbumViewController.swift; sourceTree = "<group>"; };
		8341C26A1DAD5449007D8549 /* PhotoCollectionViewCell.swift */ = {isa = PBXFileReference; fileEncoding = 4; lastKnownFileType = sourcecode.swift; path = PhotoCollectionViewCell.swift; sourceTree = "<group>"; };
		8341C26E1DAD5613007D8549 /* AppConstants.swift */ = {isa = PBXFileReference; fileEncoding = 4; lastKnownFileType = sourcecode.swift; path = AppConstants.swift; sourceTree = "<group>"; };
		8341C27A1DAD59FF007D8549 /* PinAnnotation.swift */ = {isa = PBXFileReference; fileEncoding = 4; lastKnownFileType = sourcecode.swift; path = PinAnnotation.swift; sourceTree = "<group>"; };
		8341C27D1DAD5AC6007D8549 /* CoreDataStack.swift */ = {isa = PBXFileReference; fileEncoding = 4; lastKnownFileType = sourcecode.swift; path = CoreDataStack.swift; sourceTree = "<group>"; };
		8341C27F1DAD69E1007D8549 /* APISession.swift */ = {isa = PBXFileReference; fileEncoding = 4; lastKnownFileType = sourcecode.swift; path = APISession.swift; sourceTree = "<group>"; };
		835347BA1DAD3DEC005D8BE9 /* Virtual Tourist.app */ = {isa = PBXFileReference; explicitFileType = wrapper.application; includeInIndex = 0; path = "Virtual Tourist.app"; sourceTree = BUILT_PRODUCTS_DIR; };
		835347BD1DAD3DEC005D8BE9 /* AppDelegate.swift */ = {isa = PBXFileReference; lastKnownFileType = sourcecode.swift; path = AppDelegate.swift; sourceTree = "<group>"; };
		835347BF1DAD3DEC005D8BE9 /* MapViewController.swift */ = {isa = PBXFileReference; lastKnownFileType = sourcecode.swift; path = MapViewController.swift; sourceTree = "<group>"; };
		835347C21DAD3DEC005D8BE9 /* Base */ = {isa = PBXFileReference; lastKnownFileType = file.storyboard; name = Base; path = Base.lproj/Main.storyboard; sourceTree = "<group>"; };
		835347C51DAD3DEC005D8BE9 /* Virtual_Tourist.xcdatamodel */ = {isa = PBXFileReference; lastKnownFileType = wrapper.xcdatamodel; path = Virtual_Tourist.xcdatamodel; sourceTree = "<group>"; };
		835347C71DAD3DEC005D8BE9 /* Assets.xcassets */ = {isa = PBXFileReference; lastKnownFileType = folder.assetcatalog; path = Assets.xcassets; sourceTree = "<group>"; };
		835347CA1DAD3DEC005D8BE9 /* Base */ = {isa = PBXFileReference; lastKnownFileType = file.storyboard; name = Base; path = Base.lproj/LaunchScreen.storyboard; sourceTree = "<group>"; };
		835347CC1DAD3DEC005D8BE9 /* Info.plist */ = {isa = PBXFileReference; lastKnownFileType = text.plist.xml; path = Info.plist; sourceTree = "<group>"; };
		83702F751DAE9D7400014D97 /* Pin+CoreDataClass.swift */ = {isa = PBXFileReference; fileEncoding = 4; lastKnownFileType = sourcecode.swift; name = "Pin+CoreDataClass.swift"; path = "../Pin+CoreDataClass.swift"; sourceTree = "<group>"; };
		83702F761DAE9D7400014D97 /* Pin+CoreDataProperties.swift */ = {isa = PBXFileReference; fileEncoding = 4; lastKnownFileType = sourcecode.swift; path = "Pin+CoreDataProperties.swift"; sourceTree = "<group>"; };
		83702F771DAE9D7400014D97 /* Photo+CoreDataClass.swift */ = {isa = PBXFileReference; fileEncoding = 4; lastKnownFileType = sourcecode.swift; name = "Photo+CoreDataClass.swift"; path = "../Photo+CoreDataClass.swift"; sourceTree = "<group>"; };
		83702F781DAE9D7400014D97 /* Photo+CoreDataProperties.swift */ = {isa = PBXFileReference; fileEncoding = 4; lastKnownFileType = sourcecode.swift; path = "Photo+CoreDataProperties.swift"; sourceTree = "<group>"; };
		83702F7D1DAE9ED700014D97 /* FlickrClient.swift */ = {isa = PBXFileReference; fileEncoding = 4; lastKnownFileType = sourcecode.swift; path = FlickrClient.swift; sourceTree = "<group>"; };
		83702F7F1DAE9EE700014D97 /* FlickrConstants.swift */ = {isa = PBXFileReference; fileEncoding = 4; lastKnownFileType = sourcecode.swift; path = FlickrConstants.swift; sourceTree = "<group>"; };
		83702F811DAEA41E00014D97 /* APISessionConstants.swift */ = {isa = PBXFileReference; fileEncoding = 4; lastKnownFileType = sourcecode.swift; name = APISessionConstants.swift; path = ../APISessionConstants.swift; sourceTree = "<group>"; };
/* End PBXFileReference section */

/* Begin PBXFrameworksBuildPhase section */
		835347B71DAD3DEC005D8BE9 /* Frameworks */ = {
			isa = PBXFrameworksBuildPhase;
			buildActionMask = 2147483647;
			files = (
			);
			runOnlyForDeploymentPostprocessing = 0;
		};
/* End PBXFrameworksBuildPhase section */

/* Begin PBXGroup section */
		8341C26C1DAD5459007D8549 /* Controller */ = {
			isa = PBXGroup;
			children = (
				835347BF1DAD3DEC005D8BE9 /* MapViewController.swift */,
				8341C2681DAD5295007D8549 /* PhotoAlbumViewController.swift */,
			);
			name = Controller;
			sourceTree = "<group>";
		};
		8341C26D1DAD5477007D8549 /* View */ = {
			isa = PBXGroup;
			children = (
				8341C26A1DAD5449007D8549 /* PhotoCollectionViewCell.swift */,
			);
			name = View;
			sourceTree = "<group>";
		};
		8341C2781DAD5906007D8549 /* Entities */ = {
			isa = PBXGroup;
			children = (
				83702F771DAE9D7400014D97 /* Photo+CoreDataClass.swift */,
				83702F751DAE9D7400014D97 /* Pin+CoreDataClass.swift */,
				83702F831DAEA48100014D97 /* Attributes */,
			);
			name = Entities;
			sourceTree = "<group>";
		};
		8341C27C1DAD5A13007D8549 /* Model */ = {
			isa = PBXGroup;
			children = (
				8341C27D1DAD5AC6007D8549 /* CoreDataStack.swift */,
				8341C27A1DAD59FF007D8549 /* PinAnnotation.swift */,
				835347C41DAD3DEC005D8BE9 /* Virtual_Tourist.xcdatamodeld */,
				83702F851DAEA4C500014D97 /* WebClients */,
				8341C2781DAD5906007D8549 /* Entities */,
			);
			name = Model;
			sourceTree = "<group>";
		};
		835347B11DAD3DEB005D8BE9 = {
			isa = PBXGroup;
			children = (
				835347BC1DAD3DEC005D8BE9 /* Virtual Tourist */,
				835347BB1DAD3DEC005D8BE9 /* Products */,
			);
			sourceTree = "<group>";
		};
		835347BB1DAD3DEC005D8BE9 /* Products */ = {
			isa = PBXGroup;
			children = (
				835347BA1DAD3DEC005D8BE9 /* Virtual Tourist.app */,
			);
			name = Products;
			sourceTree = "<group>";
		};
		835347BC1DAD3DEC005D8BE9 /* Virtual Tourist */ = {
			isa = PBXGroup;
			children = (
				835347BD1DAD3DEC005D8BE9 /* AppDelegate.swift */,
				8341C26E1DAD5613007D8549 /* AppConstants.swift */,
				8341C27C1DAD5A13007D8549 /* Model */,
				8341C26C1DAD5459007D8549 /* Controller */,
				8341C26D1DAD5477007D8549 /* View */,
				835347C11DAD3DEC005D8BE9 /* Main.storyboard */,
				835347C71DAD3DEC005D8BE9 /* Assets.xcassets */,
				835347C91DAD3DEC005D8BE9 /* LaunchScreen.storyboard */,
				835347CC1DAD3DEC005D8BE9 /* Info.plist */,
			);
			path = "Virtual Tourist";
			sourceTree = "<group>";
		};
		83702F831DAEA48100014D97 /* Attributes */ = {
			isa = PBXGroup;
			children = (
				83702F761DAE9D7400014D97 /* Pin+CoreDataProperties.swift */,
				83702F781DAE9D7400014D97 /* Photo+CoreDataProperties.swift */,
			);
			name = Attributes;
			path = ..;
			sourceTree = "<group>";
		};
		83702F841DAEA4A000014D97 /* Flickr */ = {
			isa = PBXGroup;
			children = (
				83702F7D1DAE9ED700014D97 /* FlickrClient.swift */,
				83702F7F1DAE9EE700014D97 /* FlickrConstants.swift */,
			);
			name = Flickr;
			sourceTree = "<group>";
		};
		83702F851DAEA4C500014D97 /* WebClients */ = {
			isa = PBXGroup;
			children = (
				8341C27F1DAD69E1007D8549 /* APISession.swift */,
				83702F811DAEA41E00014D97 /* APISessionConstants.swift */,
				83702F841DAEA4A000014D97 /* Flickr */,
			);
			name = WebClients;
			sourceTree = "<group>";
		};
/* End PBXGroup section */

/* Begin PBXNativeTarget section */
		835347B91DAD3DEC005D8BE9 /* Virtual Tourist */ = {
			isa = PBXNativeTarget;
			buildConfigurationList = 835347CF1DAD3DEC005D8BE9 /* Build configuration list for PBXNativeTarget "Virtual Tourist" */;
			buildPhases = (
				835347B61DAD3DEC005D8BE9 /* Sources */,
				835347B71DAD3DEC005D8BE9 /* Frameworks */,
				835347B81DAD3DEC005D8BE9 /* Resources */,
			);
			buildRules = (
			);
			dependencies = (
			);
			name = "Virtual Tourist";
			productName = "Virtual Tourist";
			productReference = 835347BA1DAD3DEC005D8BE9 /* Virtual Tourist.app */;
			productType = "com.apple.product-type.application";
		};
/* End PBXNativeTarget section */

/* Begin PBXProject section */
		835347B21DAD3DEB005D8BE9 /* Project object */ = {
			isa = PBXProject;
			attributes = {
				LastSwiftUpdateCheck = 0800;
				LastUpgradeCheck = 0800;
				ORGANIZATIONNAME = MeaMobile;
				TargetAttributes = {
					835347B91DAD3DEC005D8BE9 = {
						CreatedOnToolsVersion = 8.0;
						DevelopmentTeam = 7PE97HXHX2;
						ProvisioningStyle = Automatic;
					};
				};
			};
			buildConfigurationList = 835347B51DAD3DEB005D8BE9 /* Build configuration list for PBXProject "Virtual Tourist" */;
			compatibilityVersion = "Xcode 3.2";
			developmentRegion = English;
			hasScannedForEncodings = 0;
			knownRegions = (
				en,
				Base,
			);
			mainGroup = 835347B11DAD3DEB005D8BE9;
			productRefGroup = 835347BB1DAD3DEC005D8BE9 /* Products */;
			projectDirPath = "";
			projectRoot = "";
			targets = (
				835347B91DAD3DEC005D8BE9 /* Virtual Tourist */,
			);
		};
/* End PBXProject section */

/* Begin PBXResourcesBuildPhase section */
		835347B81DAD3DEC005D8BE9 /* Resources */ = {
			isa = PBXResourcesBuildPhase;
			buildActionMask = 2147483647;
			files = (
				835347CB1DAD3DEC005D8BE9 /* LaunchScreen.storyboard in Resources */,
				835347C81DAD3DEC005D8BE9 /* Assets.xcassets in Resources */,
				835347C31DAD3DEC005D8BE9 /* Main.storyboard in Resources */,
			);
			runOnlyForDeploymentPostprocessing = 0;
		};
/* End PBXResourcesBuildPhase section */

/* Begin PBXSourcesBuildPhase section */
		835347B61DAD3DEC005D8BE9 /* Sources */ = {
			isa = PBXSourcesBuildPhase;
			buildActionMask = 2147483647;
			files = (
				8341C27B1DAD59FF007D8549 /* PinAnnotation.swift in Sources */,
				83702F801DAE9EE700014D97 /* FlickrConstants.swift in Sources */,
				83702F7C1DAE9D7400014D97 /* Photo+CoreDataProperties.swift in Sources */,
				83702F791DAE9D7400014D97 /* Pin+CoreDataClass.swift in Sources */,
				835347C01DAD3DEC005D8BE9 /* MapViewController.swift in Sources */,
				83702F7A1DAE9D7400014D97 /* Pin+CoreDataProperties.swift in Sources */,
				8341C27E1DAD5AC6007D8549 /* CoreDataStack.swift in Sources */,
				8341C26F1DAD5613007D8549 /* AppConstants.swift in Sources */,
				83702F7B1DAE9D7400014D97 /* Photo+CoreDataClass.swift in Sources */,
				8341C26B1DAD5449007D8549 /* PhotoCollectionViewCell.swift in Sources */,
				83702F7E1DAE9ED700014D97 /* FlickrClient.swift in Sources */,
				835347C61DAD3DEC005D8BE9 /* Virtual_Tourist.xcdatamodeld in Sources */,
				835347BE1DAD3DEC005D8BE9 /* AppDelegate.swift in Sources */,
				8341C2691DAD5295007D8549 /* PhotoAlbumViewController.swift in Sources */,
				8341C2801DAD69E1007D8549 /* APISession.swift in Sources */,
				83702F821DAEA41E00014D97 /* APISessionConstants.swift in Sources */,
			);
			runOnlyForDeploymentPostprocessing = 0;
		};
/* End PBXSourcesBuildPhase section */

/* Begin PBXVariantGroup section */
		835347C11DAD3DEC005D8BE9 /* Main.storyboard */ = {
			isa = PBXVariantGroup;
			children = (
				835347C21DAD3DEC005D8BE9 /* Base */,
			);
			name = Main.storyboard;
			sourceTree = "<group>";
		};
		835347C91DAD3DEC005D8BE9 /* LaunchScreen.storyboard */ = {
			isa = PBXVariantGroup;
			children = (
				835347CA1DAD3DEC005D8BE9 /* Base */,
			);
			name = LaunchScreen.storyboard;
			sourceTree = "<group>";
		};
/* End PBXVariantGroup section */

/* Begin XCBuildConfiguration section */
		835347CD1DAD3DEC005D8BE9 /* Debug */ = {
			isa = XCBuildConfiguration;
			buildSettings = {
				ALWAYS_SEARCH_USER_PATHS = NO;
				CLANG_ANALYZER_NONNULL = YES;
				CLANG_CXX_LANGUAGE_STANDARD = "gnu++0x";
				CLANG_CXX_LIBRARY = "libc++";
				CLANG_ENABLE_MODULES = YES;
				CLANG_ENABLE_OBJC_ARC = YES;
				CLANG_WARN_BOOL_CONVERSION = YES;
				CLANG_WARN_CONSTANT_CONVERSION = YES;
				CLANG_WARN_DIRECT_OBJC_ISA_USAGE = YES_ERROR;
				CLANG_WARN_DOCUMENTATION_COMMENTS = YES;
				CLANG_WARN_EMPTY_BODY = YES;
				CLANG_WARN_ENUM_CONVERSION = YES;
				CLANG_WARN_INFINITE_RECURSION = YES;
				CLANG_WARN_INT_CONVERSION = YES;
				CLANG_WARN_OBJC_ROOT_CLASS = YES_ERROR;
				CLANG_WARN_SUSPICIOUS_MOVES = YES;
				CLANG_WARN_UNREACHABLE_CODE = YES;
				CLANG_WARN__DUPLICATE_METHOD_MATCH = YES;
				"CODE_SIGN_IDENTITY[sdk=iphoneos*]" = "iPhone Developer";
				COPY_PHASE_STRIP = NO;
				DEBUG_INFORMATION_FORMAT = dwarf;
				ENABLE_STRICT_OBJC_MSGSEND = YES;
				ENABLE_TESTABILITY = YES;
				GCC_C_LANGUAGE_STANDARD = gnu99;
				GCC_DYNAMIC_NO_PIC = NO;
				GCC_NO_COMMON_BLOCKS = YES;
				GCC_OPTIMIZATION_LEVEL = 0;
				GCC_PREPROCESSOR_DEFINITIONS = (
					"DEBUG=1",
					"$(inherited)",
				);
				GCC_WARN_64_TO_32_BIT_CONVERSION = YES;
				GCC_WARN_ABOUT_RETURN_TYPE = YES_ERROR;
				GCC_WARN_UNDECLARED_SELECTOR = YES;
				GCC_WARN_UNINITIALIZED_AUTOS = YES_AGGRESSIVE;
				GCC_WARN_UNUSED_FUNCTION = YES;
				GCC_WARN_UNUSED_VARIABLE = YES;
				IPHONEOS_DEPLOYMENT_TARGET = 10.0;
				MTL_ENABLE_DEBUG_INFO = YES;
				ONLY_ACTIVE_ARCH = YES;
				SDKROOT = iphoneos;
				SWIFT_ACTIVE_COMPILATION_CONDITIONS = DEBUG;
				SWIFT_OPTIMIZATION_LEVEL = "-Onone";
				TARGETED_DEVICE_FAMILY = "1,2";
			};
			name = Debug;
		};
		835347CE1DAD3DEC005D8BE9 /* Release */ = {
			isa = XCBuildConfiguration;
			buildSettings = {
				ALWAYS_SEARCH_USER_PATHS = NO;
				CLANG_ANALYZER_NONNULL = YES;
				CLANG_CXX_LANGUAGE_STANDARD = "gnu++0x";
				CLANG_CXX_LIBRARY = "libc++";
				CLANG_ENABLE_MODULES = YES;
				CLANG_ENABLE_OBJC_ARC = YES;
				CLANG_WARN_BOOL_CONVERSION = YES;
				CLANG_WARN_CONSTANT_CONVERSION = YES;
				CLANG_WARN_DIRECT_OBJC_ISA_USAGE = YES_ERROR;
				CLANG_WARN_DOCUMENTATION_COMMENTS = YES;
				CLANG_WARN_EMPTY_BODY = YES;
				CLANG_WARN_ENUM_CONVERSION = YES;
				CLANG_WARN_INFINITE_RECURSION = YES;
				CLANG_WARN_INT_CONVERSION = YES;
				CLANG_WARN_OBJC_ROOT_CLASS = YES_ERROR;
				CLANG_WARN_SUSPICIOUS_MOVES = YES;
				CLANG_WARN_UNREACHABLE_CODE = YES;
				CLANG_WARN__DUPLICATE_METHOD_MATCH = YES;
				"CODE_SIGN_IDENTITY[sdk=iphoneos*]" = "iPhone Developer";
				COPY_PHASE_STRIP = NO;
				DEBUG_INFORMATION_FORMAT = "dwarf-with-dsym";
				ENABLE_NS_ASSERTIONS = NO;
				ENABLE_STRICT_OBJC_MSGSEND = YES;
				GCC_C_LANGUAGE_STANDARD = gnu99;
				GCC_NO_COMMON_BLOCKS = YES;
				GCC_WARN_64_TO_32_BIT_CONVERSION = YES;
				GCC_WARN_ABOUT_RETURN_TYPE = YES_ERROR;
				GCC_WARN_UNDECLARED_SELECTOR = YES;
				GCC_WARN_UNINITIALIZED_AUTOS = YES_AGGRESSIVE;
				GCC_WARN_UNUSED_FUNCTION = YES;
				GCC_WARN_UNUSED_VARIABLE = YES;
				IPHONEOS_DEPLOYMENT_TARGET = 10.0;
				MTL_ENABLE_DEBUG_INFO = NO;
				SDKROOT = iphoneos;
				SWIFT_OPTIMIZATION_LEVEL = "-Owholemodule";
				TARGETED_DEVICE_FAMILY = "1,2";
				VALIDATE_PRODUCT = YES;
			};
			name = Release;
		};
		835347D01DAD3DEC005D8BE9 /* Debug */ = {
			isa = XCBuildConfiguration;
			buildSettings = {
				ASSETCATALOG_COMPILER_APPICON_NAME = AppIcon;
				DEVELOPMENT_TEAM = 7PE97HXHX2;
				INFOPLIST_FILE = "Virtual Tourist/Info.plist";
				LD_RUNPATH_SEARCH_PATHS = "$(inherited) @executable_path/Frameworks";
				PRODUCT_BUNDLE_IDENTIFIER = "we-are-mea.Virtual-Tourist";
				PRODUCT_NAME = "$(TARGET_NAME)";
				SWIFT_VERSION = 3.0;
			};
			name = Debug;
		};
		835347D11DAD3DEC005D8BE9 /* Release */ = {
			isa = XCBuildConfiguration;
			buildSettings = {
				ASSETCATALOG_COMPILER_APPICON_NAME = AppIcon;
				DEVELOPMENT_TEAM = 7PE97HXHX2;
				INFOPLIST_FILE = "Virtual Tourist/Info.plist";
				LD_RUNPATH_SEARCH_PATHS = "$(inherited) @executable_path/Frameworks";
				PRODUCT_BUNDLE_IDENTIFIER = "we-are-mea.Virtual-Tourist";
				PRODUCT_NAME = "$(TARGET_NAME)";
				SWIFT_VERSION = 3.0;
			};
			name = Release;
		};
/* End XCBuildConfiguration section */

/* Begin XCConfigurationList section */
		835347B51DAD3DEB005D8BE9 /* Build configuration list for PBXProject "Virtual Tourist" */ = {
			isa = XCConfigurationList;
			buildConfigurations = (
				835347CD1DAD3DEC005D8BE9 /* Debug */,
				835347CE1DAD3DEC005D8BE9 /* Release */,
			);
			defaultConfigurationIsVisible = 0;
			defaultConfigurationName = Release;
		};
		835347CF1DAD3DEC005D8BE9 /* Build configuration list for PBXNativeTarget "Virtual Tourist" */ = {
			isa = XCConfigurationList;
			buildConfigurations = (
				835347D01DAD3DEC005D8BE9 /* Debug */,
				835347D11DAD3DEC005D8BE9 /* Release */,
			);
			defaultConfigurationIsVisible = 0;
			defaultConfigurationName = Release;
		};
/* End XCConfigurationList section */

/* Begin XCVersionGroup section */
		835347C41DAD3DEC005D8BE9 /* Virtual_Tourist.xcdatamodeld */ = {
			isa = XCVersionGroup;
			children = (
				835347C51DAD3DEC005D8BE9 /* Virtual_Tourist.xcdatamodel */,
			);
			currentVersion = 835347C51DAD3DEC005D8BE9 /* Virtual_Tourist.xcdatamodel */;
			path = Virtual_Tourist.xcdatamodeld;
			sourceTree = "<group>";
			versionGroupType = wrapper.xcdatamodel;
		};
/* End XCVersionGroup section */
	};
	rootObject = 835347B21DAD3DEB005D8BE9 /* Project object */;
}
